// !$*UTF8*$!
{
	archiveVersion = 1;
	classes = {
	};
	objectVersion = 77;
	objects = {

/* Begin PBXBuildFile section */
		B36638F42E6700E80067D375 /* FirebaseRemoteConfig in Frameworks */ = {isa = PBXBuildFile; productRef = B36638F32E6700E80067D375 /* FirebaseRemoteConfig */; };
		B36DF3802DDE2EAB00DF12EA /* FirebaseAnalytics in Frameworks */ = {isa = PBXBuildFile; productRef = B36DF37F2DDE2EAB00DF12EA /* FirebaseAnalytics */; };
		B3C8061E2D08025100BFC383 /* RealmSwift in Frameworks */ = {isa = PBXBuildFile; productRef = B3C8061D2D08025100BFC383 /* RealmSwift */; };
		B3C8061F2D08025D00BFC383 /* RealmSwift in Embed Frameworks */ = {isa = PBXBuildFile; productRef = B3C8061D2D08025100BFC383 /* RealmSwift */; settings = {ATTRIBUTES = (CodeSignOnCopy, ); }; };
/* End PBXBuildFile section */

/* Begin PBXContainerItemProxy section */
		B3C803912D04CA3600BFC383 /* PBXContainerItemProxy */ = {
			isa = PBXContainerItemProxy;
			containerPortal = B3C803782D04CA3500BFC383 /* Project object */;
			proxyType = 1;
			remoteGlobalIDString = B3C8037F2D04CA3500BFC383;
			remoteInfo = buntan;
		};
		B3C8039B2D04CA3600BFC383 /* PBXContainerItemProxy */ = {
			isa = PBXContainerItemProxy;
			containerPortal = B3C803782D04CA3500BFC383 /* Project object */;
			proxyType = 1;
			remoteGlobalIDString = B3C8037F2D04CA3500BFC383;
			remoteInfo = buntan;
		};
/* End PBXContainerItemProxy section */

/* Begin PBXCopyFilesBuildPhase section */
		B3C805432D04CADC00BFC383 /* Embed Frameworks */ = {
			isa = PBXCopyFilesBuildPhase;
			buildActionMask = 2147483647;
			dstPath = "";
			dstSubfolderSpec = 10;
			files = (
				B3C8061F2D08025D00BFC383 /* RealmSwift in Embed Frameworks */,
			);
			name = "Embed Frameworks";
			runOnlyForDeploymentPostprocessing = 0;
		};
/* End PBXCopyFilesBuildPhase section */

/* Begin PBXFileReference section */
		B3BE0E6C2D0BE618003C6F8E /* buntanTests.xctest */ = {isa = PBXFileReference; explicitFileType = wrapper.cfbundle; includeInIndex = 0; path = buntanTests.xctest; sourceTree = BUILT_PRODUCTS_DIR; };
		B3BE0E6D2D0BE618003C6F8E /* buntanUITests.xctest */ = {isa = PBXFileReference; explicitFileType = wrapper.cfbundle; includeInIndex = 0; path = buntanUITests.xctest; sourceTree = BUILT_PRODUCTS_DIR; };
		B3BE97052D8B4AEE00F6BC1E /* README.md */ = {isa = PBXFileReference; lastKnownFileType = net.daringfireball.markdown; path = README.md; sourceTree = "<group>"; };
		B3C806132D05B7F400BFC383 /* buntan.app */ = {isa = PBXFileReference; explicitFileType = wrapper.application; includeInIndex = 0; path = buntan.app; sourceTree = BUILT_PRODUCTS_DIR; };
/* End PBXFileReference section */

/* Begin PBXFileSystemSynchronizedBuildFileExceptionSet section */
		B36710F62E14A364004D7A7D /* Exceptions for "buntan" folder in "buntan" target */ = {
			isa = PBXFileSystemSynchronizedBuildFileExceptionSet;
			membershipExceptions = (
				Info.plist,
			);
			target = B3C8037F2D04CA3500BFC383 /* buntan */;
		};
		B3812A5D2E4AF4D5002FBDFB /* Exceptions for "docs" folder in "buntan" target */ = {
			isa = PBXFileSystemSynchronizedBuildFileExceptionSet;
			membershipExceptions = (
				ViewModel.md,
			);
			target = B3C8037F2D04CA3500BFC383 /* buntan */;
		};
/* End PBXFileSystemSynchronizedBuildFileExceptionSet section */

/* Begin PBXFileSystemSynchronizedRootGroup section */
		B3812A5A2E4AF4A4002FBDFB /* docs */ = {
			isa = PBXFileSystemSynchronizedRootGroup;
			exceptions = (
				B3812A5D2E4AF4D5002FBDFB /* Exceptions for "docs" folder in "buntan" target */,
			);
			path = docs;
			sourceTree = "<group>";
		};
		B3C803932D04CA3600BFC383 /* buntanTests */ = {
			isa = PBXFileSystemSynchronizedRootGroup;
			exceptions = (
			);
			path = buntanTests;
			sourceTree = "<group>";
		};
		B3C8039D2D04CA3600BFC383 /* buntanUITests */ = {
			isa = PBXFileSystemSynchronizedRootGroup;
			exceptions = (
			);
			path = buntanUITests;
			sourceTree = "<group>";
		};
		B3C804E82D04CA8900BFC383 /* buntan */ = {
			isa = PBXFileSystemSynchronizedRootGroup;
			exceptions = (
				B36710F62E14A364004D7A7D /* Exceptions for "buntan" folder in "buntan" target */,
			);
			path = buntan;
			sourceTree = "<group>";
		};
/* End PBXFileSystemSynchronizedRootGroup section */

/* Begin PBXFrameworksBuildPhase section */
		B3C8037D2D04CA3500BFC383 /* Frameworks */ = {
			isa = PBXFrameworksBuildPhase;
			buildActionMask = 2147483647;
			files = (
				B36638F42E6700E80067D375 /* FirebaseRemoteConfig in Frameworks */,
				B36DF3802DDE2EAB00DF12EA /* FirebaseAnalytics in Frameworks */,
				B3C8061E2D08025100BFC383 /* RealmSwift in Frameworks */,
			);
			runOnlyForDeploymentPostprocessing = 0;
		};
		B3C8038D2D04CA3600BFC383 /* Frameworks */ = {
			isa = PBXFrameworksBuildPhase;
			buildActionMask = 2147483647;
			files = (
			);
			runOnlyForDeploymentPostprocessing = 0;
		};
		B3C803972D04CA3600BFC383 /* Frameworks */ = {
			isa = PBXFrameworksBuildPhase;
			buildActionMask = 2147483647;
			files = (
			);
			runOnlyForDeploymentPostprocessing = 0;
		};
/* End PBXFrameworksBuildPhase section */

/* Begin PBXGroup section */
		B36DF37E2DDE2EAB00DF12EA /* Frameworks */ = {
			isa = PBXGroup;
			children = (
			);
			name = Frameworks;
			sourceTree = "<group>";
		};
		B3C803772D04CA3500BFC383 = {
			isa = PBXGroup;
			children = (
				B3812A5A2E4AF4A4002FBDFB /* docs */,
				B3BE97052D8B4AEE00F6BC1E /* README.md */,
				B3C804E82D04CA8900BFC383 /* buntan */,
				B3C803932D04CA3600BFC383 /* buntanTests */,
				B3C8039D2D04CA3600BFC383 /* buntanUITests */,
				B3C806132D05B7F400BFC383 /* buntan.app */,
				B3BE0E6C2D0BE618003C6F8E /* buntanTests.xctest */,
				B3BE0E6D2D0BE618003C6F8E /* buntanUITests.xctest */,
				B36DF37E2DDE2EAB00DF12EA /* Frameworks */,
			);
			sourceTree = "<group>";
		};
/* End PBXGroup section */

/* Begin PBXNativeTarget section */
		B3C8037F2D04CA3500BFC383 /* buntan */ = {
			isa = PBXNativeTarget;
			buildConfigurationList = B3C803A42D04CA3600BFC383 /* Build configuration list for PBXNativeTarget "buntan" */;
			buildPhases = (
				B3C8037C2D04CA3500BFC383 /* Sources */,
				B3C8037D2D04CA3500BFC383 /* Frameworks */,
				B3C8037E2D04CA3500BFC383 /* Resources */,
				B3C805432D04CADC00BFC383 /* Embed Frameworks */,
			);
			buildRules = (
			);
			dependencies = (
			);
			fileSystemSynchronizedGroups = (
				B3C804E82D04CA8900BFC383 /* buntan */,
			);
			name = buntan;
			packageProductDependencies = (
				B3C8061D2D08025100BFC383 /* RealmSwift */,
				B36DF37F2DDE2EAB00DF12EA /* FirebaseAnalytics */,
				B36638F32E6700E80067D375 /* FirebaseRemoteConfig */,
			);
			productName = buntan;
			productReference = B3C806132D05B7F400BFC383 /* buntan.app */;
			productType = "com.apple.product-type.application";
		};
		B3C8038F2D04CA3600BFC383 /* buntanTests */ = {
			isa = PBXNativeTarget;
			buildConfigurationList = B3C803A72D04CA3600BFC383 /* Build configuration list for PBXNativeTarget "buntanTests" */;
			buildPhases = (
				B3C8038C2D04CA3600BFC383 /* Sources */,
				B3C8038D2D04CA3600BFC383 /* Frameworks */,
				B3C8038E2D04CA3600BFC383 /* Resources */,
			);
			buildRules = (
			);
			dependencies = (
				B3C803922D04CA3600BFC383 /* PBXTargetDependency */,
			);
			fileSystemSynchronizedGroups = (
				B3C803932D04CA3600BFC383 /* buntanTests */,
			);
			name = buntanTests;
			productName = buntanTests;
			productReference = B3BE0E6C2D0BE618003C6F8E /* buntanTests.xctest */;
			productType = "com.apple.product-type.bundle.unit-test";
		};
		B3C803992D04CA3600BFC383 /* buntanUITests */ = {
			isa = PBXNativeTarget;
			buildConfigurationList = B3C803AA2D04CA3600BFC383 /* Build configuration list for PBXNativeTarget "buntanUITests" */;
			buildPhases = (
				B3C803962D04CA3600BFC383 /* Sources */,
				B3C803972D04CA3600BFC383 /* Frameworks */,
				B3C803982D04CA3600BFC383 /* Resources */,
			);
			buildRules = (
			);
			dependencies = (
				B3C8039C2D04CA3600BFC383 /* PBXTargetDependency */,
			);
			fileSystemSynchronizedGroups = (
				B3C8039D2D04CA3600BFC383 /* buntanUITests */,
			);
			name = buntanUITests;
			productName = buntanUITests;
			productReference = B3BE0E6D2D0BE618003C6F8E /* buntanUITests.xctest */;
			productType = "com.apple.product-type.bundle.ui-testing";
		};
/* End PBXNativeTarget section */

/* Begin PBXProject section */
		B3C803782D04CA3500BFC383 /* Project object */ = {
			isa = PBXProject;
			attributes = {
				BuildIndependentTargetsInParallel = 1;
				LastSwiftUpdateCheck = 1600;
				LastUpgradeCheck = 1600;
				TargetAttributes = {
					B3C8037F2D04CA3500BFC383 = {
						CreatedOnToolsVersion = 16.0;
					};
					B3C8038F2D04CA3600BFC383 = {
						CreatedOnToolsVersion = 16.0;
						TestTargetID = B3C8037F2D04CA3500BFC383;
					};
					B3C803992D04CA3600BFC383 = {
						CreatedOnToolsVersion = 16.0;
						TestTargetID = B3C8037F2D04CA3500BFC383;
					};
				};
			};
			buildConfigurationList = B3C8037B2D04CA3500BFC383 /* Build configuration list for PBXProject "buntan" */;
			developmentRegion = en;
			hasScannedForEncodings = 0;
			knownRegions = (
				en,
				Base,
			);
			mainGroup = B3C803772D04CA3500BFC383;
			minimizedProjectReferenceProxies = 1;
			packageReferences = (
				B3C8061C2D08025100BFC383 /* XCRemoteSwiftPackageReference "realm-swift" */,
				B3453B902D40B6D7004B6891 /* XCRemoteSwiftPackageReference "firebase-ios-sdk" */,
			);
			preferredProjectObjectVersion = 77;
			productRefGroup = B3C803772D04CA3500BFC383;
			projectDirPath = "";
			projectRoot = "";
			targets = (
				B3C8037F2D04CA3500BFC383 /* buntan */,
				B3C8038F2D04CA3600BFC383 /* buntanTests */,
				B3C803992D04CA3600BFC383 /* buntanUITests */,
			);
		};
/* End PBXProject section */

/* Begin PBXResourcesBuildPhase section */
		B3C8037E2D04CA3500BFC383 /* Resources */ = {
			isa = PBXResourcesBuildPhase;
			buildActionMask = 2147483647;
			files = (
			);
			runOnlyForDeploymentPostprocessing = 0;
		};
		B3C8038E2D04CA3600BFC383 /* Resources */ = {
			isa = PBXResourcesBuildPhase;
			buildActionMask = 2147483647;
			files = (
			);
			runOnlyForDeploymentPostprocessing = 0;
		};
		B3C803982D04CA3600BFC383 /* Resources */ = {
			isa = PBXResourcesBuildPhase;
			buildActionMask = 2147483647;
			files = (
			);
			runOnlyForDeploymentPostprocessing = 0;
		};
/* End PBXResourcesBuildPhase section */

/* Begin PBXSourcesBuildPhase section */
		B3C8037C2D04CA3500BFC383 /* Sources */ = {
			isa = PBXSourcesBuildPhase;
			buildActionMask = 2147483647;
			files = (
			);
			runOnlyForDeploymentPostprocessing = 0;
		};
		B3C8038C2D04CA3600BFC383 /* Sources */ = {
			isa = PBXSourcesBuildPhase;
			buildActionMask = 2147483647;
			files = (
			);
			runOnlyForDeploymentPostprocessing = 0;
		};
		B3C803962D04CA3600BFC383 /* Sources */ = {
			isa = PBXSourcesBuildPhase;
			buildActionMask = 2147483647;
			files = (
			);
			runOnlyForDeploymentPostprocessing = 0;
		};
/* End PBXSourcesBuildPhase section */

/* Begin PBXTargetDependency section */
		B3C803922D04CA3600BFC383 /* PBXTargetDependency */ = {
			isa = PBXTargetDependency;
			target = B3C8037F2D04CA3500BFC383 /* buntan */;
			targetProxy = B3C803912D04CA3600BFC383 /* PBXContainerItemProxy */;
		};
		B3C8039C2D04CA3600BFC383 /* PBXTargetDependency */ = {
			isa = PBXTargetDependency;
			target = B3C8037F2D04CA3500BFC383 /* buntan */;
			targetProxy = B3C8039B2D04CA3600BFC383 /* PBXContainerItemProxy */;
		};
/* End PBXTargetDependency section */

/* Begin XCBuildConfiguration section */
		B3C803A22D04CA3600BFC383 /* Debug */ = {
			isa = XCBuildConfiguration;
			baseConfigurationReferenceAnchor = B3C804E82D04CA8900BFC383 /* buntan */;
			baseConfigurationReferenceRelativePath = Env.xcconfig;
			buildSettings = {
				ALWAYS_SEARCH_USER_PATHS = NO;
				ASSETCATALOG_COMPILER_GENERATE_SWIFT_ASSET_SYMBOL_EXTENSIONS = YES;
				CLANG_ANALYZER_NONNULL = YES;
				CLANG_ANALYZER_NUMBER_OBJECT_CONVERSION = YES_AGGRESSIVE;
				CLANG_CXX_LANGUAGE_STANDARD = "gnu++20";
				CLANG_ENABLE_MODULES = YES;
				CLANG_ENABLE_OBJC_ARC = YES;
				CLANG_ENABLE_OBJC_WEAK = YES;
				CLANG_WARN_BLOCK_CAPTURE_AUTORELEASING = YES;
				CLANG_WARN_BOOL_CONVERSION = YES;
				CLANG_WARN_COMMA = YES;
				CLANG_WARN_CONSTANT_CONVERSION = YES;
				CLANG_WARN_DEPRECATED_OBJC_IMPLEMENTATIONS = YES;
				CLANG_WARN_DIRECT_OBJC_ISA_USAGE = YES_ERROR;
				CLANG_WARN_DOCUMENTATION_COMMENTS = YES;
				CLANG_WARN_EMPTY_BODY = YES;
				CLANG_WARN_ENUM_CONVERSION = YES;
				CLANG_WARN_INFINITE_RECURSION = YES;
				CLANG_WARN_INT_CONVERSION = YES;
				CLANG_WARN_NON_LITERAL_NULL_CONVERSION = YES;
				CLANG_WARN_OBJC_IMPLICIT_RETAIN_SELF = YES;
				CLANG_WARN_OBJC_LITERAL_CONVERSION = YES;
				CLANG_WARN_OBJC_ROOT_CLASS = YES_ERROR;
				CLANG_WARN_QUOTED_INCLUDE_IN_FRAMEWORK_HEADER = YES;
				CLANG_WARN_RANGE_LOOP_ANALYSIS = YES;
				CLANG_WARN_STRICT_PROTOTYPES = YES;
				CLANG_WARN_SUSPICIOUS_MOVE = YES;
				CLANG_WARN_UNGUARDED_AVAILABILITY = YES_AGGRESSIVE;
				CLANG_WARN_UNREACHABLE_CODE = YES;
				CLANG_WARN__DUPLICATE_METHOD_MATCH = YES;
				COPY_PHASE_STRIP = NO;
				CURRENT_PROJECT_VERSION = 6;
				DEBUG_INFORMATION_FORMAT = dwarf;
				ENABLE_STRICT_OBJC_MSGSEND = YES;
				ENABLE_TESTABILITY = YES;
				ENABLE_USER_SCRIPT_SANDBOXING = YES;
				GCC_C_LANGUAGE_STANDARD = gnu17;
				GCC_DYNAMIC_NO_PIC = NO;
				GCC_NO_COMMON_BLOCKS = YES;
				GCC_OPTIMIZATION_LEVEL = 0;
				GCC_PREPROCESSOR_DEFINITIONS = (
					"DEBUG=1",
					"$(inherited)",
				);
				GCC_WARN_64_TO_32_BIT_CONVERSION = YES;
				GCC_WARN_ABOUT_RETURN_TYPE = YES_ERROR;
				GCC_WARN_UNDECLARED_SELECTOR = YES;
				GCC_WARN_UNINITIALIZED_AUTOS = YES_AGGRESSIVE;
				GCC_WARN_UNUSED_FUNCTION = YES;
				GCC_WARN_UNUSED_VARIABLE = YES;
				IPHONEOS_DEPLOYMENT_TARGET = 18.0;
				LOCALIZATION_PREFERS_STRING_CATALOGS = YES;
				MARKETING_VERSION = 1.2.0;
				MTL_ENABLE_DEBUG_INFO = INCLUDE_SOURCE;
				MTL_FAST_MATH = YES;
				ONLY_ACTIVE_ARCH = YES;
				SDKROOT = iphoneos;
				SWIFT_ACTIVE_COMPILATION_CONDITIONS = "DEBUG $(inherited)";
				SWIFT_OPTIMIZATION_LEVEL = "-Onone";
			};
			name = Debug;
		};
		B3C803A32D04CA3600BFC383 /* Release */ = {
			isa = XCBuildConfiguration;
			baseConfigurationReferenceAnchor = B3C804E82D04CA8900BFC383 /* buntan */;
			baseConfigurationReferenceRelativePath = Env.xcconfig;
			buildSettings = {
				ALWAYS_SEARCH_USER_PATHS = NO;
				ASSETCATALOG_COMPILER_GENERATE_SWIFT_ASSET_SYMBOL_EXTENSIONS = YES;
				CLANG_ANALYZER_NONNULL = YES;
				CLANG_ANALYZER_NUMBER_OBJECT_CONVERSION = YES_AGGRESSIVE;
				CLANG_CXX_LANGUAGE_STANDARD = "gnu++20";
				CLANG_ENABLE_MODULES = YES;
				CLANG_ENABLE_OBJC_ARC = YES;
				CLANG_ENABLE_OBJC_WEAK = YES;
				CLANG_WARN_BLOCK_CAPTURE_AUTORELEASING = YES;
				CLANG_WARN_BOOL_CONVERSION = YES;
				CLANG_WARN_COMMA = YES;
				CLANG_WARN_CONSTANT_CONVERSION = YES;
				CLANG_WARN_DEPRECATED_OBJC_IMPLEMENTATIONS = YES;
				CLANG_WARN_DIRECT_OBJC_ISA_USAGE = YES_ERROR;
				CLANG_WARN_DOCUMENTATION_COMMENTS = YES;
				CLANG_WARN_EMPTY_BODY = YES;
				CLANG_WARN_ENUM_CONVERSION = YES;
				CLANG_WARN_INFINITE_RECURSION = YES;
				CLANG_WARN_INT_CONVERSION = YES;
				CLANG_WARN_NON_LITERAL_NULL_CONVERSION = YES;
				CLANG_WARN_OBJC_IMPLICIT_RETAIN_SELF = YES;
				CLANG_WARN_OBJC_LITERAL_CONVERSION = YES;
				CLANG_WARN_OBJC_ROOT_CLASS = YES_ERROR;
				CLANG_WARN_QUOTED_INCLUDE_IN_FRAMEWORK_HEADER = YES;
				CLANG_WARN_RANGE_LOOP_ANALYSIS = YES;
				CLANG_WARN_STRICT_PROTOTYPES = YES;
				CLANG_WARN_SUSPICIOUS_MOVE = YES;
				CLANG_WARN_UNGUARDED_AVAILABILITY = YES_AGGRESSIVE;
				CLANG_WARN_UNREACHABLE_CODE = YES;
				CLANG_WARN__DUPLICATE_METHOD_MATCH = YES;
				COPY_PHASE_STRIP = NO;
				CURRENT_PROJECT_VERSION = 6;
				DEBUG_INFORMATION_FORMAT = "dwarf-with-dsym";
				ENABLE_NS_ASSERTIONS = NO;
				ENABLE_STRICT_OBJC_MSGSEND = YES;
				ENABLE_USER_SCRIPT_SANDBOXING = YES;
				GCC_C_LANGUAGE_STANDARD = gnu17;
				GCC_NO_COMMON_BLOCKS = YES;
				GCC_WARN_64_TO_32_BIT_CONVERSION = YES;
				GCC_WARN_ABOUT_RETURN_TYPE = YES_ERROR;
				GCC_WARN_UNDECLARED_SELECTOR = YES;
				GCC_WARN_UNINITIALIZED_AUTOS = YES_AGGRESSIVE;
				GCC_WARN_UNUSED_FUNCTION = YES;
				GCC_WARN_UNUSED_VARIABLE = YES;
				IPHONEOS_DEPLOYMENT_TARGET = 18.0;
				LOCALIZATION_PREFERS_STRING_CATALOGS = YES;
				MARKETING_VERSION = 1.2.0;
				MTL_ENABLE_DEBUG_INFO = NO;
				MTL_FAST_MATH = YES;
				SDKROOT = iphoneos;
				SWIFT_ACTIVE_COMPILATION_CONDITIONS = RELEASE;
				SWIFT_COMPILATION_MODE = wholemodule;
				VALIDATE_PRODUCT = YES;
			};
			name = Release;
		};
		B3C803A52D04CA3600BFC383 /* Debug */ = {
			isa = XCBuildConfiguration;
			buildSettings = {
				ASSETCATALOG_COMPILER_APPICON_NAME = AppIcon;
				ASSETCATALOG_COMPILER_GLOBAL_ACCENT_COLOR_NAME = AccentColor;
				CODE_SIGN_STYLE = Automatic;
				DEVELOPMENT_ASSET_PATHS = "\"buntan/Preview Content\"";
				DEVELOPMENT_TEAM = 279W33X485;
				ENABLE_PREVIEWS = YES;
				GENERATE_INFOPLIST_FILE = YES;
				INFOPLIST_FILE = buntan/Info.plist;
				INFOPLIST_KEY_CFBundleDisplayName = "ぶんたん";
				INFOPLIST_KEY_UIApplicationSceneManifest_Generation = YES;
				INFOPLIST_KEY_UIApplicationSupportsIndirectInputEvents = YES;
				INFOPLIST_KEY_UILaunchScreen_Generation = YES;
				INFOPLIST_KEY_UIRequiresFullScreen = YES;
				INFOPLIST_KEY_UIStatusBarStyle = "";
				INFOPLIST_KEY_UISupportedInterfaceOrientations = UIInterfaceOrientationPortrait;
				INFOPLIST_KEY_UIUserInterfaceStyle = Light;
				IPHONEOS_DEPLOYMENT_TARGET = 17.0;
				LD_RUNPATH_SEARCH_PATHS = (
					"$(inherited)",
					"@executable_path/Frameworks",
				);
				PRODUCT_BUNDLE_IDENTIFIER = app.buntan.buntan;
				PRODUCT_NAME = "$(TARGET_NAME)";
				SUPPORTED_PLATFORMS = "iphoneos iphonesimulator";
				SUPPORTS_MACCATALYST = NO;
				SUPPORTS_MAC_DESIGNED_FOR_IPHONE_IPAD = NO;
				SUPPORTS_XR_DESIGNED_FOR_IPHONE_IPAD = NO;
				SWIFT_EMIT_LOC_STRINGS = YES;
				SWIFT_VERSION = 5.0;
				TARGETED_DEVICE_FAMILY = "1,2";
			};
			name = Debug;
		};
		B3C803A62D04CA3600BFC383 /* Release */ = {
			isa = XCBuildConfiguration;
			buildSettings = {
				ASSETCATALOG_COMPILER_APPICON_NAME = AppIcon;
				ASSETCATALOG_COMPILER_GLOBAL_ACCENT_COLOR_NAME = AccentColor;
				CODE_SIGN_STYLE = Automatic;
				DEVELOPMENT_ASSET_PATHS = "\"buntan/Preview Content\"";
				DEVELOPMENT_TEAM = 279W33X485;
				ENABLE_PREVIEWS = YES;
				GENERATE_INFOPLIST_FILE = YES;
				INFOPLIST_FILE = buntan/Info.plist;
				INFOPLIST_KEY_CFBundleDisplayName = "ぶんたん";
				INFOPLIST_KEY_UIApplicationSceneManifest_Generation = YES;
				INFOPLIST_KEY_UIApplicationSupportsIndirectInputEvents = YES;
				INFOPLIST_KEY_UILaunchScreen_Generation = YES;
				INFOPLIST_KEY_UIRequiresFullScreen = YES;
				INFOPLIST_KEY_UIStatusBarStyle = "";
				INFOPLIST_KEY_UISupportedInterfaceOrientations = UIInterfaceOrientationPortrait;
				INFOPLIST_KEY_UIUserInterfaceStyle = Light;
				IPHONEOS_DEPLOYMENT_TARGET = 17.0;
				LD_RUNPATH_SEARCH_PATHS = (
					"$(inherited)",
					"@executable_path/Frameworks",
				);
				PRODUCT_BUNDLE_IDENTIFIER = app.buntan.buntan;
				PRODUCT_NAME = "$(TARGET_NAME)";
				SUPPORTED_PLATFORMS = "iphoneos iphonesimulator";
				SUPPORTS_MACCATALYST = NO;
				SUPPORTS_MAC_DESIGNED_FOR_IPHONE_IPAD = NO;
				SUPPORTS_XR_DESIGNED_FOR_IPHONE_IPAD = NO;
				SWIFT_EMIT_LOC_STRINGS = YES;
				SWIFT_VERSION = 5.0;
				TARGETED_DEVICE_FAMILY = "1,2";
			};
			name = Release;
		};
		B3C803A82D04CA3600BFC383 /* Debug */ = {
			isa = XCBuildConfiguration;
			buildSettings = {
				BUNDLE_LOADER = "$(TEST_HOST)";
				CODE_SIGN_STYLE = Automatic;
				DEVELOPMENT_TEAM = 279W33X485;
				GENERATE_INFOPLIST_FILE = YES;
				IPHONEOS_DEPLOYMENT_TARGET = 18.0;
				PRODUCT_BUNDLE_IDENTIFIER = app.buntan.buntanTests;
				PRODUCT_NAME = "$(TARGET_NAME)";
				SWIFT_EMIT_LOC_STRINGS = NO;
				SWIFT_VERSION = 5.0;
				TARGETED_DEVICE_FAMILY = "1,2";
				TEST_HOST = "$(BUILT_PRODUCTS_DIR)/buntan.app/$(BUNDLE_EXECUTABLE_FOLDER_PATH)/buntan";
			};
			name = Debug;
		};
		B3C803A92D04CA3600BFC383 /* Release */ = {
			isa = XCBuildConfiguration;
			buildSettings = {
				BUNDLE_LOADER = "$(TEST_HOST)";
				CODE_SIGN_STYLE = Automatic;
				DEVELOPMENT_TEAM = 279W33X485;
				GENERATE_INFOPLIST_FILE = YES;
				IPHONEOS_DEPLOYMENT_TARGET = 18.0;
				PRODUCT_BUNDLE_IDENTIFIER = app.buntan.buntanTests;
				PRODUCT_NAME = "$(TARGET_NAME)";
				SWIFT_EMIT_LOC_STRINGS = NO;
				SWIFT_VERSION = 5.0;
				TARGETED_DEVICE_FAMILY = "1,2";
				TEST_HOST = "$(BUILT_PRODUCTS_DIR)/buntan.app/$(BUNDLE_EXECUTABLE_FOLDER_PATH)/buntan";
			};
			name = Release;
		};
		B3C803AB2D04CA3600BFC383 /* Debug */ = {
			isa = XCBuildConfiguration;
			buildSettings = {
				CODE_SIGN_STYLE = Automatic;
				DEVELOPMENT_TEAM = 279W33X485;
				GENERATE_INFOPLIST_FILE = YES;
				PRODUCT_BUNDLE_IDENTIFIER = app.buntan.buntanUITests;
				PRODUCT_NAME = "$(TARGET_NAME)";
				SWIFT_EMIT_LOC_STRINGS = NO;
				SWIFT_VERSION = 5.0;
				TARGETED_DEVICE_FAMILY = "1,2";
				TEST_TARGET_NAME = buntan;
			};
			name = Debug;
		};
		B3C803AC2D04CA3600BFC383 /* Release */ = {
			isa = XCBuildConfiguration;
			buildSettings = {
				CODE_SIGN_STYLE = Automatic;
				DEVELOPMENT_TEAM = 279W33X485;
				GENERATE_INFOPLIST_FILE = YES;
				PRODUCT_BUNDLE_IDENTIFIER = app.buntan.buntanUITests;
				PRODUCT_NAME = "$(TARGET_NAME)";
				SWIFT_EMIT_LOC_STRINGS = NO;
				SWIFT_VERSION = 5.0;
				TARGETED_DEVICE_FAMILY = "1,2";
				TEST_TARGET_NAME = buntan;
			};
			name = Release;
		};
/* End XCBuildConfiguration section */

/* Begin XCConfigurationList section */
		B3C8037B2D04CA3500BFC383 /* Build configuration list for PBXProject "buntan" */ = {
			isa = XCConfigurationList;
			buildConfigurations = (
				B3C803A22D04CA3600BFC383 /* Debug */,
				B3C803A32D04CA3600BFC383 /* Release */,
			);
			defaultConfigurationIsVisible = 0;
			defaultConfigurationName = Release;
		};
		B3C803A42D04CA3600BFC383 /* Build configuration list for PBXNativeTarget "buntan" */ = {
			isa = XCConfigurationList;
			buildConfigurations = (
				B3C803A52D04CA3600BFC383 /* Debug */,
				B3C803A62D04CA3600BFC383 /* Release */,
			);
			defaultConfigurationIsVisible = 0;
			defaultConfigurationName = Release;
		};
		B3C803A72D04CA3600BFC383 /* Build configuration list for PBXNativeTarget "buntanTests" */ = {
			isa = XCConfigurationList;
			buildConfigurations = (
				B3C803A82D04CA3600BFC383 /* Debug */,
				B3C803A92D04CA3600BFC383 /* Release */,
			);
			defaultConfigurationIsVisible = 0;
			defaultConfigurationName = Release;
		};
		B3C803AA2D04CA3600BFC383 /* Build configuration list for PBXNativeTarget "buntanUITests" */ = {
			isa = XCConfigurationList;
			buildConfigurations = (
				B3C803AB2D04CA3600BFC383 /* Debug */,
				B3C803AC2D04CA3600BFC383 /* Release */,
			);
			defaultConfigurationIsVisible = 0;
			defaultConfigurationName = Release;
		};
/* End XCConfigurationList section */

/* Begin XCRemoteSwiftPackageReference section */
		B3453B902D40B6D7004B6891 /* XCRemoteSwiftPackageReference "firebase-ios-sdk" */ = {
			isa = XCRemoteSwiftPackageReference;
			repositoryURL = "https://github.com/firebase/firebase-ios-sdk.git";
			requirement = {
				kind = upToNextMajorVersion;
				minimumVersion = 11.7.0;
			};
		};
		B3C8061C2D08025100BFC383 /* XCRemoteSwiftPackageReference "realm-swift" */ = {
			isa = XCRemoteSwiftPackageReference;
			repositoryURL = "https://github.com/realm/realm-swift";
			requirement = {
				kind = upToNextMajorVersion;
				minimumVersion = 10.54.1;
			};
		};
/* End XCRemoteSwiftPackageReference section */

/* Begin XCSwiftPackageProductDependency section */
		B36638F32E6700E80067D375 /* FirebaseRemoteConfig */ = {
			isa = XCSwiftPackageProductDependency;
			package = B3453B902D40B6D7004B6891 /* XCRemoteSwiftPackageReference "firebase-ios-sdk" */;
			productName = FirebaseRemoteConfig;
		};
		B36DF37F2DDE2EAB00DF12EA /* FirebaseAnalytics */ = {
			isa = XCSwiftPackageProductDependency;
			package = B3453B902D40B6D7004B6891 /* XCRemoteSwiftPackageReference "firebase-ios-sdk" */;
			productName = FirebaseAnalytics;
		};
		B3C8061D2D08025100BFC383 /* RealmSwift */ = {
			isa = XCSwiftPackageProductDependency;
			package = B3C8061C2D08025100BFC383 /* XCRemoteSwiftPackageReference "realm-swift" */;
			productName = RealmSwift;
		};
/* End XCSwiftPackageProductDependency section */
	};
	rootObject = B3C803782D04CA3500BFC383 /* Project object */;
}
